{
    "_readme": [
        "This file locks the dependencies of your project to a known state",
        "Read more about it at http://getcomposer.org/doc/01-basic-usage.md#composer-lock-the-lock-file"
    ],
    "hash": "634150a7fd525118da7612e7bc31e90c",
    "packages": [
        {
            "name": "rickard2/luhnar",
            "version": "1.0.2",
            "target-dir": "Rickard2/Luhnar",
            "source": {
                "type": "git",
                "url": "https://github.com/rickard2/luhnar.git",
                "reference": "c1614713801b047d2a1d1d828d5f9375536e2470"
            },
            "dist": {
                "type": "zip",
                "url": "https://api.github.com/repos/rickard2/luhnar/zipball/c1614713801b047d2a1d1d828d5f9375536e2470",
                "reference": "c1614713801b047d2a1d1d828d5f9375536e2470",
                "shasum": ""
            },
            "type": "library",
            "autoload": {
                "psr-0": {
                    "Rickard2\\Luhnar\\": ""
                }
            },
            "notification-url": "https://packagist.org/downloads/",
            "license": [
                "MIT"
            ],
            "authors": [
                {
                    "name": "Rickard Andersson",
                    "email": "rickard@0x539.se"
                }
            ],
            "description": "Validate social security numbers",
            "time": "2013-10-01 07:27:51"
        },
        {
            "name": "symfony/translation",
            "version": "v2.3.5",
            "target-dir": "Symfony/Component/Translation",
            "source": {
                "type": "git",
                "url": "https://github.com/symfony/Translation.git",
                "reference": "609dbde849d6a02be3f4a7ae29841d1d3db64d87"
            },
            "dist": {
                "type": "zip",
                "url": "https://api.github.com/repos/symfony/Translation/zipball/609dbde849d6a02be3f4a7ae29841d1d3db64d87",
                "reference": "609dbde849d6a02be3f4a7ae29841d1d3db64d87",
                "shasum": ""
            },
            "require": {
                "php": ">=5.3.3"
            },
            "require-dev": {
                "symfony/config": "~2.0",
                "symfony/yaml": "~2.2"
            },
            "suggest": {
                "symfony/config": "",
                "symfony/yaml": ""
            },
            "type": "library",
            "extra": {
                "branch-alias": {
                    "dev-master": "2.3-dev"
                }
            },
            "autoload": {
                "psr-0": {
                    "Symfony\\Component\\Translation\\": ""
                }
            },
            "notification-url": "https://packagist.org/downloads/",
            "license": [
                "MIT"
            ],
            "authors": [
                {
                    "name": "Fabien Potencier",
                    "email": "fabien@symfony.com"
                },
                {
                    "name": "Symfony Community",
                    "homepage": "http://symfony.com/contributors"
                }
            ],
            "description": "Symfony Translation Component",
            "homepage": "http://symfony.com",
            "time": "2013-09-19 09:45:20"
        },
        {
            "name": "symfony/validator",
            "version": "v2.3.5",
            "target-dir": "Symfony/Component/Validator",
            "source": {
                "type": "git",
                "url": "https://github.com/symfony/Validator.git",
                "reference": "3d659f721f18425034bab0998c82de10d091ce7a"
            },
            "dist": {
                "type": "zip",
                "url": "https://api.github.com/repos/symfony/Validator/zipball/3d659f721f18425034bab0998c82de10d091ce7a",
                "reference": "3d659f721f18425034bab0998c82de10d091ce7a",
                "shasum": ""
            },
            "require": {
                "php": ">=5.3.3",
                "symfony/translation": "~2.0"
            },
            "require-dev": {
                "symfony/config": "~2.2",
                "symfony/http-foundation": "~2.1",
                "symfony/intl": "~2.3",
                "symfony/yaml": "~2.0"
            },
            "suggest": {
                "doctrine/common": "",
                "symfony/config": "",
                "symfony/http-foundation": "",
                "symfony/intl": "",
                "symfony/yaml": ""
            },
            "type": "library",
            "extra": {
                "branch-alias": {
                    "dev-master": "2.3-dev"
                }
            },
            "autoload": {
                "psr-0": {
                    "Symfony\\Component\\Validator\\": ""
                }
            },
            "notification-url": "https://packagist.org/downloads/",
            "license": [
                "MIT"
            ],
            "authors": [
                {
                    "name": "Fabien Potencier",
                    "email": "fabien@symfony.com"
                },
                {
                    "name": "Symfony Community",
                    "homepage": "http://symfony.com/contributors"
                }
            ],
            "description": "Symfony Validator Component",
            "homepage": "http://symfony.com",
            "time": "2013-09-19 09:45:20"
        }
    ],
    "packages-dev": [

    ],
    "aliases": [

    ],
    "minimum-stability": "stable",
    "stability-flags": [

    ],
    "platform": [

    ],
    "platform-dev": [

    ]
}
